// !$*UTF8*$!
{
	archiveVersion = 1;
	classes = {
	};
	objectVersion = 42;
	objects = {

/* Begin PBXFileReference section */
		29B97316FDCFA39411CA2CEA /* main.m */ = {isa = PBXFileReference; fileEncoding = 30; lastKnownFileType = sourcecode.c.objc; path = main.m; sourceTree = "<group>"; };
		8D1107310486CEB800E47090 /* Info.plist */ = {isa = PBXFileReference; fileEncoding = 4; lastKnownFileType = text.plist; path = Info.plist; sourceTree = "<group>"; };
		D506189B0D3AD61E00D191E0 /* Guitar.h */ = {isa = PBXFileReference; fileEncoding = 4; lastKnownFileType = sourcecode.c.h; path = Guitar.h; sourceTree = "<group>"; };
		D506189C0D3AD61E00D191E0 /* Guitar.mm */ = {isa = PBXFileReference; fileEncoding = 4; lastKnownFileType = sourcecode.cpp.objcpp; path = Guitar.mm; sourceTree = "<group>"; };
		D52F07920D264C95005DD24C /* AudioOutput.h */ = {isa = PBXFileReference; fileEncoding = 0; lastKnownFileType = sourcecode.c.h; path = AudioOutput.h; sourceTree = "<group>"; };
		D553669C0D3106AC00F7514D /* InstrumentFactory.h */ = {isa = PBXFileReference; fileEncoding = 4; lastKnownFileType = sourcecode.c.h; path = InstrumentFactory.h; sourceTree = "<group>"; };
		D553669D0D3106AC00F7514D /* InstrumentFactory.mm */ = {isa = PBXFileReference; fileEncoding = 4; lastKnownFileType = sourcecode.cpp.objcpp; path = InstrumentFactory.mm; sourceTree = "<group>"; };
		D5536A730D3255C200F7514D /* Makefile */ = {isa = PBXFileReference; fileEncoding = 0; lastKnownFileType = sourcecode.make; path = Makefile; sourceTree = "<group>"; };
		D55E42220D3268F200994190 /* AudioOutput.m */ = {isa = PBXFileReference; fileEncoding = 0; lastKnownFileType = sourcecode.c.objc; path = AudioOutput.m; sourceTree = "<group>"; usesTabs = 0; };
		D5B0C5270DA3A74300FD3B51 /* FretboardView.h */ = {isa = PBXFileReference; fileEncoding = 4; lastKnownFileType = sourcecode.c.h; path = FretboardView.h; sourceTree = "<group>"; };
		D5B0C5280DA3A74300FD3B51 /* FretboardView.m */ = {isa = PBXFileReference; fileEncoding = 4; lastKnownFileType = sourcecode.c.objc; path = FretboardView.m; sourceTree = "<group>"; };
		D5B2B0CA0D1E2FD70096FA6C /* GuitarView.h */ = {isa = PBXFileReference; fileEncoding = 4; lastKnownFileType = sourcecode.c.h; path = GuitarView.h; sourceTree = "<group>"; };
		D5B2B0CB0D1E2FD70096FA6C /* GuitarView.m */ = {isa = PBXFileReference; fileEncoding = 4; lastKnownFileType = sourcecode.c.objc; path = GuitarView.m; sourceTree = "<group>"; };
		D5BF52BC0D45619B00098B6E /* extract_samples.m */ = {isa = PBXFileReference; fileEncoding = 4; lastKnownFileType = sourcecode.c.objc; path = extract_samples.m; sourceTree = "<group>"; };
		D5BF54450D45BB8800098B6E /* FretboardEditor.h */ = {isa = PBXFileReference; fileEncoding = 4; lastKnownFileType = sourcecode.c.h; path = FretboardEditor.h; sourceTree = "<group>"; };
		D5BF54460D45BB8800098B6E /* FretboardEditor.m */ = {isa = PBXFileReference; fileEncoding = 4; lastKnownFileType = sourcecode.c.objc; path = FretboardEditor.m; sourceTree = "<group>"; };
		D5BF544D0D45BBFA00098B6E /* Fretboard.h */ = {isa = PBXFileReference; fileEncoding = 4; lastKnownFileType = sourcecode.c.h; path = Fretboard.h; sourceTree = "<group>"; };
		D5BF544E0D45BBFA00098B6E /* Fretboard.m */ = {isa = PBXFileReference; fileEncoding = 4; lastKnownFileType = sourcecode.c.objc; path = Fretboard.m; sourceTree = "<group>"; };
		D5C299950D28C123008C478D /* SettingsView.h */ = {isa = PBXFileReference; fileEncoding = 4; lastKnownFileType = sourcecode.c.h; path = SettingsView.h; sourceTree = "<group>"; };
		D5C299960D28C123008C478D /* SettingsView.m */ = {isa = PBXFileReference; fileEncoding = 4; lastKnownFileType = sourcecode.c.objc; path = SettingsView.m; sourceTree = "<group>"; };
		D90F56B90C6719EF007AE76B /* GuitarApp.m */ = {isa = PBXFileReference; fileEncoding = 30; lastKnownFileType = sourcecode.c.objc; path = GuitarApp.m; sourceTree = "<group>"; };
		D90F56BA0C6719EF007AE76B /* GuitarApp.h */ = {isa = PBXFileReference; fileEncoding = 30; lastKnownFileType = sourcecode.c.h; path = GuitarApp.h; sourceTree = "<group>"; };
		D90F56E20C671CD1007AE76B /* Foundation.framework */ = {isa = PBXFileReference; lastKnownFileType = wrapper.framework; name = Foundation.framework; path = /Developer/SDKs/iPhone.sdk/System/Library/Frameworks/Foundation.framework; sourceTree = "<absolute>"; };
		D90F56E30C671CD1007AE76B /* UIKit.framework */ = {isa = PBXFileReference; lastKnownFileType = wrapper.framework; name = UIKit.framework; path = /Developer/SDKs/iPhone.sdk/System/Library/Frameworks/UIKit.framework; sourceTree = "<absolute>"; };
/* End PBXFileReference section */

/* Begin PBXGroup section */
		080E96DDFE201D6D7F000001 /* Classes */ = {
			isa = PBXGroup;
			children = (
				D5536A730D3255C200F7514D /* Makefile */,
				D52F07920D264C95005DD24C /* AudioOutput.h */,
				D55E42220D3268F200994190 /* AudioOutput.m */,
				D90F56BA0C6719EF007AE76B /* GuitarApp.h */,
				D90F56B90C6719EF007AE76B /* GuitarApp.m */,
				D5B2B0CA0D1E2FD70096FA6C /* GuitarView.h */,
				D5B2B0CB0D1E2FD70096FA6C /* GuitarView.m */,
				D5C299950D28C123008C478D /* SettingsView.h */,
				D5C299960D28C123008C478D /* SettingsView.m */,
				D553669C0D3106AC00F7514D /* InstrumentFactory.h */,
				D553669D0D3106AC00F7514D /* InstrumentFactory.mm */,
				D506189B0D3AD61E00D191E0 /* Guitar.h */,
				D506189C0D3AD61E00D191E0 /* Guitar.mm */,
				D5BF54450D45BB8800098B6E /* FretboardEditor.h */,
				D5BF54460D45BB8800098B6E /* FretboardEditor.m */,
				D5BF544D0D45BBFA00098B6E /* Fretboard.h */,
				D5BF544E0D45BBFA00098B6E /* Fretboard.m */,
				D5B0C5270DA3A74300FD3B51 /* FretboardView.h */,
				D5B0C5280DA3A74300FD3B51 /* FretboardView.m */,
			);
			name = Classes;
			sourceTree = "<group>";
		};
		19C28FACFE9D520D11CA2CBB /* Products */ = {
			isa = PBXGroup;
			children = (
			);
			name = Products;
			sourceTree = "<group>";
		};
		29B97314FDCFA39411CA2CEA /* PocketGuitar */ = {
			isa = PBXGroup;
			children = (
				080E96DDFE201D6D7F000001 /* Classes */,
				29B97315FDCFA39411CA2CEA /* Other Sources */,
				29B97317FDCFA39411CA2CEA /* Resources */,
				29B97323FDCFA39411CA2CEA /* Frameworks */,
				19C28FACFE9D520D11CA2CBB /* Products */,
			);
			name = PocketGuitar;
			sourceTree = "<group>";
		};
		29B97315FDCFA39411CA2CEA /* Other Sources */ = {
			isa = PBXGroup;
			children = (
				29B97316FDCFA39411CA2CEA /* main.m */,
				D5BF52BC0D45619B00098B6E /* extract_samples.m */,
			);
			name = "Other Sources";
			sourceTree = "<group>";
		};
		29B97317FDCFA39411CA2CEA /* Resources */ = {
			isa = PBXGroup;
			children = (
				8D1107310486CEB800E47090 /* Info.plist */,
			);
			name = Resources;
			sourceTree = "<group>";
		};
		29B97323FDCFA39411CA2CEA /* Frameworks */ = {
			isa = PBXGroup;
			children = (
				D90F56E20C671CD1007AE76B /* Foundation.framework */,
				D90F56E30C671CD1007AE76B /* UIKit.framework */,
			);
			name = Frameworks;
			sourceTree = "<group>";
		};
/* End PBXGroup section */

/* Begin PBXLegacyTarget section */
		D92591D10C6B42C700BBDBBC /* PocketGuitar */ = {
			isa = PBXLegacyTarget;
			buildArgumentsString = "$(ACTION)";
			buildConfigurationList = D92591D40C6B42CE00BBDBBC /* Build configuration list for PBXLegacyTarget "PocketGuitar" */;
			buildPhases = (
			);
			buildToolPath = /usr/bin/make;
			dependencies = (
			);
			name = PocketGuitar;
			passBuildSettingsInEnvironment = 1;
			productName = PocketGuitar;
		};
/* End PBXLegacyTarget section */

/* Begin PBXProject section */
		29B97313FDCFA39411CA2CEA /* Project object */ = {
			isa = PBXProject;
			buildConfigurationList = C01FCF4E08A954540054247B /* Build configuration list for PBXProject "PocketGuitar" */;
			hasScannedForEncodings = 1;
			mainGroup = 29B97314FDCFA39411CA2CEA /* PocketGuitar */;
			projectDirPath = "";
			targets = (
				D92591D10C6B42C700BBDBBC /* PocketGuitar */,
			);
		};
/* End PBXProject section */

/* Begin XCBuildConfiguration section */
		C01FCF4F08A954540054247B /* Debug */ = {
			isa = XCBuildConfiguration;
			buildSettings = {
				ARCHS = arm;
				CC = "/usr/local/iphonedev/bin/arm-apple-darwin-cc";
				CXX = "/usr/local/iphonedev/bin/arm-apple-darwin-cc";
				GCC_WARN_ABOUT_RETURN_TYPE = YES;
				GCC_WARN_UNUSED_VARIABLE = YES;
				LD = "/usr/local/iphonedev/bin/arm-apple-darwin-cc";
				PREBINDING = NO;
				SDKROOT = /Developer/SDKs/iPhone.sdk;
				SHARED_PRECOMPS_DIR = "/Library/Caches/com.apple.Xcode.iPhone.$(UID)/SharedPrecompiledHeaders";
			};
			name = Debug;
		};
		C01FCF5008A954540054247B /* Release */ = {
			isa = XCBuildConfiguration;
			buildSettings = {
				ARCHS = arm;
				CC = "/usr/local/iphonedev/bin/arm-apple-darwin-cc";
				CXX = "/usr/local/iphonedev/bin/arm-apple-darwin-cc";
				GCC_WARN_ABOUT_RETURN_TYPE = YES;
				GCC_WARN_UNUSED_VARIABLE = YES;
				LD = "/usr/local/iphonedev/bin/arm-apple-darwin-cc";
				PREBINDING = NO;
				SDKROOT = /Developer/SDKs/iPhone.sdk;
				SHARED_PRECOMPS_DIR = "/Library/Caches/com.apple.Xcode.iPhone.$(UID)/SharedPrecompiledHeaders";
			};
			name = Release;
		};
		D92591D50C6B42CE00BBDBBC /* Debug */ = {
			isa = XCBuildConfiguration;
			buildSettings = {
				COPY_PHASE_STRIP = NO;
				GCC_DYNAMIC_NO_PIC = NO;
				GCC_GENERATE_DEBUGGING_SYMBOLS = YES;
				GCC_OPTIMIZATION_LEVEL = 0;
				PRODUCT_NAME = PocketGuitar;
			};
			name = Debug;
		};
		D92591D60C6B42CE00BBDBBC /* Release */ = {
			isa = XCBuildConfiguration;
			buildSettings = {
				COPY_PHASE_STRIP = YES;
				GCC_ENABLE_FIX_AND_CONTINUE = NO;
				GCC_GENERATE_DEBUGGING_SYMBOLS = NO;
				PRODUCT_NAME = PocketGuitar;
				ZERO_LINK = NO;
			};
			name = Release;
		};
/* End XCBuildConfiguration section */

/* Begin XCConfigurationList section */
		C01FCF4E08A954540054247B /* Build configuration list for PBXProject "PocketGuitar" */ = {
			isa = XCConfigurationList;
			buildConfigurations = (
				C01FCF4F08A954540054247B /* Debug */,
				C01FCF5008A954540054247B /* Release */,
			);
			defaultConfigurationIsVisible = 0;
			defaultConfigurationName = Release;
		};
		D92591D40C6B42CE00BBDBBC /* Build configuration list for PBXLegacyTarget "PocketGuitar" */ = {
			isa = XCConfigurationList;
			buildConfigurations = (
				D92591D50C6B42CE00BBDBBC /* Debug */,
				D92591D60C6B42CE00BBDBBC /* Release */,
			);
			defaultConfigurationIsVisible = 0;
			defaultConfigurationName = Release;
		};
/* End XCConfigurationList section */
	};
	rootObject = 29B97313FDCFA39411CA2CEA /* Project object */;
}
